
Microsoft Visual Studio Solution File, Format Version 12.00
# Visual Studio Version 17
VisualStudioVersion = 17.14.36414.22 d17.14
MinimumVisualStudioVersion = 10.0.40219.1
Project("{2150E333-8FDC-42A3-9474-1A3956D46DE8}") = "Project", "Project", "{02EA681E-C7D8-13C7-8484-4AC65E1B71E8}"
EndProject
Project("{FAE04EC0-301F-11D3-BF4B-00C04F79EFBC}") = "Tyuiu.PautovaMO.Sprint7.Project.V11.Lib", "Tyuiu.PautovaMO.Sprint7.Project.V11.Lib\Tyuiu.PautovaMO.Sprint7.Project.V11.Lib.csproj", "{D813B6E7-F80A-4B43-92EE-0A6F84FDC702}"
EndProject
Project("{FAE04EC0-301F-11D3-BF4B-00C04F79EFBC}") = "Tyuiu.PautovaMO.Sprint7.Project.V11.Test", "Tyuiu.PautovaMO.Sprint7.Project.V11.Test\Tyuiu.PautovaMO.Sprint7.Project.V11.Test.csproj", "{FE0F787C-0A85-4DE3-8966-1449B8E8182D}"
EndProject
Project("{FAE04EC0-301F-11D3-BF4B-00C04F79EFBC}") = "Tyuiu.PautovaMO.Sprint7.Project.V11", "Tyuiu.PautovaMO.Sprint7.Project.V11\Tyuiu.PautovaMO.Sprint7.Project.V11.csproj", "{3050C891-BE87-4FF3-A26A-8AFFD3174D7D}"
EndProject
Global
	GlobalSection(SolutionConfigurationPlatforms) = preSolution
		Debug|Any CPU = Debug|Any CPU
		Release|Any CPU = Release|Any CPU
	EndGlobalSection
	GlobalSection(ProjectConfigurationPlatforms) = postSolution
		{D813B6E7-F80A-4B43-92EE-0A6F84FDC702}.Debug|Any CPU.ActiveCfg = Debug|Any CPU
		{D813B6E7-F80A-4B43-92EE-0A6F84FDC702}.Debug|Any CPU.Build.0 = Debug|Any CPU
		{D813B6E7-F80A-4B43-92EE-0A6F84FDC702}.Release|Any CPU.ActiveCfg = Release|Any CPU
		{D813B6E7-F80A-4B43-92EE-0A6F84FDC702}.Release|Any CPU.Build.0 = Release|Any CPU
		{FE0F787C-0A85-4DE3-8966-1449B8E8182D}.Debug|Any CPU.ActiveCfg = Debug|Any CPU
		{FE0F787C-0A85-4DE3-8966-1449B8E8182D}.Debug|Any CPU.Build.0 = Debug|Any CPU
		{FE0F787C-0A85-4DE3-8966-1449B8E8182D}.Release|Any CPU.ActiveCfg = Release|Any CPU
		{FE0F787C-0A85-4DE3-8966-1449B8E8182D}.Release|Any CPU.Build.0 = Release|Any CPU
		{3050C891-BE87-4FF3-A26A-8AFFD3174D7D}.Debug|Any CPU.ActiveCfg = Debug|Any CPU
		{3050C891-BE87-4FF3-A26A-8AFFD3174D7D}.Debug|Any CPU.Build.0 = Debug|Any CPU
		{3050C891-BE87-4FF3-A26A-8AFFD3174D7D}.Release|Any CPU.ActiveCfg = Release|Any CPU
		{3050C891-BE87-4FF3-A26A-8AFFD3174D7D}.Release|Any CPU.Build.0 = Release|Any CPU
	EndGlobalSection
	GlobalSection(SolutionProperties) = preSolution
		HideSolutionNode = FALSE
	EndGlobalSection
	GlobalSection(NestedProjects) = preSolution
		{D813B6E7-F80A-4B43-92EE-0A6F84FDC702} = {02EA681E-C7D8-13C7-8484-4AC65E1B71E8}
		{FE0F787C-0A85-4DE3-8966-1449B8E8182D} = {02EA681E-C7D8-13C7-8484-4AC65E1B71E8}
		{3050C891-BE87-4FF3-A26A-8AFFD3174D7D} = {02EA681E-C7D8-13C7-8484-4AC65E1B71E8}
	EndGlobalSection
	GlobalSection(ExtensibilityGlobals) = postSolution
		SolutionGuid = {816FB6BF-9846-4AB8-802A-9245B8AD46DB}
	EndGlobalSection
EndGlobal
